
Microsoft Visual Studio Solution File, Format Version 12.00
# Visual Studio Version 16
VisualStudioVersion = 16.0.30804.86
MinimumVisualStudioVersion = 10.0.40219.1
Project("{FAE04EC0-301F-11D3-BF4B-00C04F79EFBC}") = "Projekt2", "Projekt2\Projekt2.csproj", "{8DBBAC4A-0349-421D-81AF-8FB61D2205B8}"
EndProject
Global
	GlobalSection(SolutionConfigurationPlatforms) = preSolution
		Debug|Any CPU = Debug|Any CPU
		Release|Any CPU = Release|Any CPU
	EndGlobalSection
	GlobalSection(ProjectConfigurationPlatforms) = postSolution
		{8DBBAC4A-0349-421D-81AF-8FB61D2205B8}.Debug|Any CPU.ActiveCfg = Debug|Any CPU
		{8DBBAC4A-0349-421D-81AF-8FB61D2205B8}.Debug|Any CPU.Build.0 = Debug|Any CPU
		{8DBBAC4A-0349-421D-81AF-8FB61D2205B8}.Release|Any CPU.ActiveCfg = Release|Any CPU
		{8DBBAC4A-0349-421D-81AF-8FB61D2205B8}.Release|Any CPU.Build.0 = Release|Any CPU
	EndGlobalSection
	GlobalSection(SolutionProperties) = preSolution
		HideSolutionNode = FALSE
	EndGlobalSection
	GlobalSection(ExtensibilityGlobals) = postSolution
		SolutionGuid = {B61A754A-66BA-4B7C-BF22-0410C711A765}
	EndGlobalSection
EndGlobal
